
Microsoft Visual Studio Solution File, Format Version 12.00
# Visual Studio Version 17
VisualStudioVersion = 17.11.35327.3
MinimumVisualStudioVersion = 10.0.40219.1
Project("{F184B08F-C81C-45F6-A57F-5ABD9991F28F}") = "insertNewRecordLog", "insertNewRecordLog\insertNewRecordLog.vbproj", "{C6D30FFC-E712-4924-8826-04D5D4A6F27A}"
EndProject
Global
	GlobalSection(SolutionConfigurationPlatforms) = preSolution
		Debug|Any CPU = Debug|Any CPU
		Release|Any CPU = Release|Any CPU
	EndGlobalSection
	GlobalSection(ProjectConfigurationPlatforms) = postSolution
		{C6D30FFC-E712-4924-8826-04D5D4A6F27A}.Debug|Any CPU.ActiveCfg = Debug|Any CPU
		{C6D30FFC-E712-4924-8826-04D5D4A6F27A}.Debug|Any CPU.Build.0 = Debug|Any CPU
		{C6D30FFC-E712-4924-8826-04D5D4A6F27A}.Release|Any CPU.ActiveCfg = Release|Any CPU
		{C6D30FFC-E712-4924-8826-04D5D4A6F27A}.Release|Any CPU.Build.0 = Release|Any CPU
	EndGlobalSection
	GlobalSection(SolutionProperties) = preSolution
		HideSolutionNode = FALSE
	EndGlobalSection
	GlobalSection(ExtensibilityGlobals) = postSolution
		SolutionGuid = {1E281DE2-700C-4661-8B52-CF39820AE898}
	EndGlobalSection
EndGlobal
